
Microsoft Visual Studio Solution File, Format Version 12.00
# Visual Studio Version 17
VisualStudioVersion = 17.0.31903.59
MinimumVisualStudioVersion = 10.0.40219.1
Project("{FAE04EC0-301F-11D3-BF4B-00C04F79EFBC}") = "TestProblem", "TestProblem\TestProblem.csproj", "{ADC28404-FEE6-4559-8FDE-F9601DC0A3F9}"
EndProject
Global
	GlobalSection(SolutionConfigurationPlatforms) = preSolution
		Debug|Any CPU = Debug|Any CPU
		Release|Any CPU = Release|Any CPU
	EndGlobalSection
	GlobalSection(ProjectConfigurationPlatforms) = postSolution
		{ADC28404-FEE6-4559-8FDE-F9601DC0A3F9}.Debug|Any CPU.ActiveCfg = Debug|Any CPU
		{ADC28404-FEE6-4559-8FDE-F9601DC0A3F9}.Debug|Any CPU.Build.0 = Debug|Any CPU
		{ADC28404-FEE6-4559-8FDE-F9601DC0A3F9}.Release|Any CPU.ActiveCfg = Release|Any CPU
		{ADC28404-FEE6-4559-8FDE-F9601DC0A3F9}.Release|Any CPU.Build.0 = Release|Any CPU
	EndGlobalSection
	GlobalSection(SolutionProperties) = preSolution
		HideSolutionNode = FALSE
	EndGlobalSection
	GlobalSection(ExtensibilityGlobals) = postSolution
		SolutionGuid = {7F57E64F-BEBD-48A4-81C6-E0F8432DD8A9}
	EndGlobalSection
EndGlobal
